
Microsoft Visual Studio Solution File, Format Version 12.00
# Visual Studio Version 17
VisualStudioVersion = 17.6.33723.286
MinimumVisualStudioVersion = 10.0.40219.1
Project("{FAE04EC0-301F-11D3-BF4B-00C04F79EFBC}") = "Курсач", "Курсач.csproj", "{EF903210-313A-4596-A829-3D483CB3E2C6}"
EndProject
Global
	GlobalSection(SolutionConfigurationPlatforms) = preSolution
		Debug|Any CPU = Debug|Any CPU
		Release|Any CPU = Release|Any CPU
	EndGlobalSection
	GlobalSection(ProjectConfigurationPlatforms) = postSolution
		{EF903210-313A-4596-A829-3D483CB3E2C6}.Debug|Any CPU.ActiveCfg = Debug|Any CPU
		{EF903210-313A-4596-A829-3D483CB3E2C6}.Debug|Any CPU.Build.0 = Debug|Any CPU
		{EF903210-313A-4596-A829-3D483CB3E2C6}.Release|Any CPU.ActiveCfg = Release|Any CPU
		{EF903210-313A-4596-A829-3D483CB3E2C6}.Release|Any CPU.Build.0 = Release|Any CPU
	EndGlobalSection
	GlobalSection(SolutionProperties) = preSolution
		HideSolutionNode = FALSE
	EndGlobalSection
	GlobalSection(ExtensibilityGlobals) = postSolution
		SolutionGuid = {BBCE97E5-49EE-45E0-8A2A-D6E3C27BD1C1}
	EndGlobalSection
EndGlobal
